
Microsoft Visual Studio Solution File, Format Version 12.00
# Visual Studio Version 17
VisualStudioVersion = 17.0.31903.59
MinimumVisualStudioVersion = 10.0.40219.1
Project("{2150E333-8FDC-42A3-9474-1A3956D46DE8}") = "src", "src", "{827E0CD3-B72D-47B6-A68D-7590B98EB39B}"
EndProject
Project("{FAE04EC0-301F-11D3-BF4B-00C04F79EFBC}") = "Odin.Contracts", "src\Odin.Contracts\Odin.Contracts.csproj", "{DBCC897A-C3ED-4FD6-95BF-B0031F8DAC90}"
EndProject
Project("{FAE04EC0-301F-11D3-BF4B-00C04F79EFBC}") = "Odin.Core", "src\Odin.Core\Odin.Core.csproj", "{4BC3635E-5DEE-448E-8C0E-2AC5B7078963}"
EndProject
Project("{FAE04EC0-301F-11D3-BF4B-00C04F79EFBC}") = "Odin.Persistence", "src\Odin.Persistence\Odin.Persistence.csproj", "{144CCCE6-8571-4F8E-8548-EAA075D5CA8A}"
EndProject
Project("{FAE04EC0-301F-11D3-BF4B-00C04F79EFBC}") = "Odin.ControlPlane.Api", "src\Odin.ControlPlane.Api\Odin.ControlPlane.Api.csproj", "{07E36ED5-8F23-436B-9479-D7F77B5234D5}"
EndProject
Project("{FAE04EC0-301F-11D3-BF4B-00C04F79EFBC}") = "Odin.ControlPlane.Grpc", "src\Odin.ControlPlane.Grpc\Odin.ControlPlane.Grpc.csproj", "{956490A9-7C34-408B-B040-A1D2DD626FCA}"
EndProject
Project("{FAE04EC0-301F-11D3-BF4B-00C04F79EFBC}") = "Odin.ExecutionEngine.History", "src\Odin.ExecutionEngine.History\Odin.ExecutionEngine.History.csproj", "{7113B237-6EB3-4207-9FDE-56C5EEE6825C}"
EndProject
Project("{FAE04EC0-301F-11D3-BF4B-00C04F79EFBC}") = "Odin.ExecutionEngine.Matching", "src\Odin.ExecutionEngine.Matching\Odin.ExecutionEngine.Matching.csproj", "{55F83E29-9247-44A5-BDAC-DDAE28A9F088}"
EndProject
Project("{FAE04EC0-301F-11D3-BF4B-00C04F79EFBC}") = "Odin.ExecutionEngine.SystemWorkers", "src\Odin.ExecutionEngine.SystemWorkers\Odin.ExecutionEngine.SystemWorkers.csproj", "{0E99421D-9923-4B80-BD0B-B7FE76C62493}"
EndProject
Project("{FAE04EC0-301F-11D3-BF4B-00C04F79EFBC}") = "Odin.Sdk", "src\Odin.Sdk\Odin.Sdk.csproj", "{675C222D-F24B-4FB1-8728-C3F94E3239B1}"
EndProject
Project("{FAE04EC0-301F-11D3-BF4B-00C04F79EFBC}") = "Odin.WorkerHost", "src\Odin.WorkerHost\Odin.WorkerHost.csproj", "{C7C38953-358E-4274-984C-98717D6D99F6}"
EndProject
Project("{FAE04EC0-301F-11D3-BF4B-00C04F79EFBC}") = "Odin.Visibility", "src\Odin.Visibility\Odin.Visibility.csproj", "{06CC48C1-84C1-4A3B-A373-3B668926955D}"
EndProject
Project("{FAE04EC0-301F-11D3-BF4B-00C04F79EFBC}") = "Odin.Cli", "src\Odin.Cli\Odin.Cli.csproj", "{9B5C9865-09F4-4158-AB9A-FC9CFA2A16FA}"
EndProject
Project("{2150E333-8FDC-42A3-9474-1A3956D46DE8}") = "tests", "tests", "{0AB3BF05-4346-4AA6-1389-037BE0695223}"
EndProject
Project("{FAE04EC0-301F-11D3-BF4B-00C04F79EFBC}") = "Odin.Core.Tests", "tests\Odin.Core.Tests\Odin.Core.Tests.csproj", "{1DE74AF7-8C6D-4E4E-990B-FE457352FB83}"
EndProject
Project("{FAE04EC0-301F-11D3-BF4B-00C04F79EFBC}") = "Odin.Sdk.Tests", "tests\Odin.Sdk.Tests\Odin.Sdk.Tests.csproj", "{F569A403-7A7C-4F52-AA49-AA0248F0E792}"
EndProject
Project("{FAE04EC0-301F-11D3-BF4B-00C04F79EFBC}") = "Odin.ExecutionEngine.Tests", "tests\Odin.ExecutionEngine.Tests\Odin.ExecutionEngine.Tests.csproj", "{AC4443A0-A646-4601-9641-D852F287A000}"
EndProject
Project("{FAE04EC0-301F-11D3-BF4B-00C04F79EFBC}") = "Odin.Integration.Tests", "tests\Odin.Integration.Tests\Odin.Integration.Tests.csproj", "{92887F7B-FDE5-4578-B07A-2FB5F9EC2EF7}"
EndProject
Project("{2150E333-8FDC-42A3-9474-1A3956D46DE8}") = "samples", "samples", "{5D20AA90-6969-D8BD-9DCD-8634F4692FDA}"
EndProject
Project("{FAE04EC0-301F-11D3-BF4B-00C04F79EFBC}") = "OrderProcessing.Sample", "samples\OrderProcessing.Sample\OrderProcessing.Sample.csproj", "{2B20EAF0-DC1F-4CE8-8B53-F9F621842F18}"
EndProject
Global
	GlobalSection(SolutionConfigurationPlatforms) = preSolution
		Debug|Any CPU = Debug|Any CPU
		Debug|x64 = Debug|x64
		Debug|x86 = Debug|x86
		Release|Any CPU = Release|Any CPU
		Release|x64 = Release|x64
		Release|x86 = Release|x86
	EndGlobalSection
	GlobalSection(ProjectConfigurationPlatforms) = postSolution
		{DBCC897A-C3ED-4FD6-95BF-B0031F8DAC90}.Debug|Any CPU.ActiveCfg = Debug|Any CPU
		{DBCC897A-C3ED-4FD6-95BF-B0031F8DAC90}.Debug|Any CPU.Build.0 = Debug|Any CPU
		{DBCC897A-C3ED-4FD6-95BF-B0031F8DAC90}.Debug|x64.ActiveCfg = Debug|Any CPU
		{DBCC897A-C3ED-4FD6-95BF-B0031F8DAC90}.Debug|x64.Build.0 = Debug|Any CPU
		{DBCC897A-C3ED-4FD6-95BF-B0031F8DAC90}.Debug|x86.ActiveCfg = Debug|Any CPU
		{DBCC897A-C3ED-4FD6-95BF-B0031F8DAC90}.Debug|x86.Build.0 = Debug|Any CPU
		{DBCC897A-C3ED-4FD6-95BF-B0031F8DAC90}.Release|Any CPU.ActiveCfg = Release|Any CPU
		{DBCC897A-C3ED-4FD6-95BF-B0031F8DAC90}.Release|Any CPU.Build.0 = Release|Any CPU
		{DBCC897A-C3ED-4FD6-95BF-B0031F8DAC90}.Release|x64.ActiveCfg = Release|Any CPU
		{DBCC897A-C3ED-4FD6-95BF-B0031F8DAC90}.Release|x64.Build.0 = Release|Any CPU
		{DBCC897A-C3ED-4FD6-95BF-B0031F8DAC90}.Release|x86.ActiveCfg = Release|Any CPU
		{DBCC897A-C3ED-4FD6-95BF-B0031F8DAC90}.Release|x86.Build.0 = Release|Any CPU
		{4BC3635E-5DEE-448E-8C0E-2AC5B7078963}.Debug|Any CPU.ActiveCfg = Debug|Any CPU
		{4BC3635E-5DEE-448E-8C0E-2AC5B7078963}.Debug|Any CPU.Build.0 = Debug|Any CPU
		{4BC3635E-5DEE-448E-8C0E-2AC5B7078963}.Debug|x64.ActiveCfg = Debug|Any CPU
		{4BC3635E-5DEE-448E-8C0E-2AC5B7078963}.Debug|x64.Build.0 = Debug|Any CPU
		{4BC3635E-5DEE-448E-8C0E-2AC5B7078963}.Debug|x86.ActiveCfg = Debug|Any CPU
		{4BC3635E-5DEE-448E-8C0E-2AC5B7078963}.Debug|x86.Build.0 = Debug|Any CPU
		{4BC3635E-5DEE-448E-8C0E-2AC5B7078963}.Release|Any CPU.ActiveCfg = Release|Any CPU
		{4BC3635E-5DEE-448E-8C0E-2AC5B7078963}.Release|Any CPU.Build.0 = Release|Any CPU
		{4BC3635E-5DEE-448E-8C0E-2AC5B7078963}.Release|x64.ActiveCfg = Release|Any CPU
		{4BC3635E-5DEE-448E-8C0E-2AC5B7078963}.Release|x64.Build.0 = Release|Any CPU
		{4BC3635E-5DEE-448E-8C0E-2AC5B7078963}.Release|x86.ActiveCfg = Release|Any CPU
		{4BC3635E-5DEE-448E-8C0E-2AC5B7078963}.Release|x86.Build.0 = Release|Any CPU
		{144CCCE6-8571-4F8E-8548-EAA075D5CA8A}.Debug|Any CPU.ActiveCfg = Debug|Any CPU
		{144CCCE6-8571-4F8E-8548-EAA075D5CA8A}.Debug|Any CPU.Build.0 = Debug|Any CPU
		{144CCCE6-8571-4F8E-8548-EAA075D5CA8A}.Debug|x64.ActiveCfg = Debug|Any CPU
		{144CCCE6-8571-4F8E-8548-EAA075D5CA8A}.Debug|x64.Build.0 = Debug|Any CPU
		{144CCCE6-8571-4F8E-8548-EAA075D5CA8A}.Debug|x86.ActiveCfg = Debug|Any CPU
		{144CCCE6-8571-4F8E-8548-EAA075D5CA8A}.Debug|x86.Build.0 = Debug|Any CPU
		{144CCCE6-8571-4F8E-8548-EAA075D5CA8A}.Release|Any CPU.ActiveCfg = Release|Any CPU
		{144CCCE6-8571-4F8E-8548-EAA075D5CA8A}.Release|Any CPU.Build.0 = Release|Any CPU
		{144CCCE6-8571-4F8E-8548-EAA075D5CA8A}.Release|x64.ActiveCfg = Release|Any CPU
		{144CCCE6-8571-4F8E-8548-EAA075D5CA8A}.Release|x64.Build.0 = Release|Any CPU
		{144CCCE6-8571-4F8E-8548-EAA075D5CA8A}.Release|x86.ActiveCfg = Release|Any CPU
		{144CCCE6-8571-4F8E-8548-EAA075D5CA8A}.Release|x86.Build.0 = Release|Any CPU
		{07E36ED5-8F23-436B-9479-D7F77B5234D5}.Debug|Any CPU.ActiveCfg = Debug|Any CPU
		{07E36ED5-8F23-436B-9479-D7F77B5234D5}.Debug|Any CPU.Build.0 = Debug|Any CPU
		{07E36ED5-8F23-436B-9479-D7F77B5234D5}.Debug|x64.ActiveCfg = Debug|Any CPU
		{07E36ED5-8F23-436B-9479-D7F77B5234D5}.Debug|x64.Build.0 = Debug|Any CPU
		{07E36ED5-8F23-436B-9479-D7F77B5234D5}.Debug|x86.ActiveCfg = Debug|Any CPU
		{07E36ED5-8F23-436B-9479-D7F77B5234D5}.Debug|x86.Build.0 = Debug|Any CPU
		{07E36ED5-8F23-436B-9479-D7F77B5234D5}.Release|Any CPU.ActiveCfg = Release|Any CPU
		{07E36ED5-8F23-436B-9479-D7F77B5234D5}.Release|Any CPU.Build.0 = Release|Any CPU
		{07E36ED5-8F23-436B-9479-D7F77B5234D5}.Release|x64.ActiveCfg = Release|Any CPU
		{07E36ED5-8F23-436B-9479-D7F77B5234D5}.Release|x64.Build.0 = Release|Any CPU
		{07E36ED5-8F23-436B-9479-D7F77B5234D5}.Release|x86.ActiveCfg = Release|Any CPU
		{07E36ED5-8F23-436B-9479-D7F77B5234D5}.Release|x86.Build.0 = Release|Any CPU
		{956490A9-7C34-408B-B040-A1D2DD626FCA}.Debug|Any CPU.ActiveCfg = Debug|Any CPU
		{956490A9-7C34-408B-B040-A1D2DD626FCA}.Debug|Any CPU.Build.0 = Debug|Any CPU
		{956490A9-7C34-408B-B040-A1D2DD626FCA}.Debug|x64.ActiveCfg = Debug|Any CPU
		{956490A9-7C34-408B-B040-A1D2DD626FCA}.Debug|x64.Build.0 = Debug|Any CPU
		{956490A9-7C34-408B-B040-A1D2DD626FCA}.Debug|x86.ActiveCfg = Debug|Any CPU
		{956490A9-7C34-408B-B040-A1D2DD626FCA}.Debug|x86.Build.0 = Debug|Any CPU
		{956490A9-7C34-408B-B040-A1D2DD626FCA}.Release|Any CPU.ActiveCfg = Release|Any CPU
		{956490A9-7C34-408B-B040-A1D2DD626FCA}.Release|Any CPU.Build.0 = Release|Any CPU
		{956490A9-7C34-408B-B040-A1D2DD626FCA}.Release|x64.ActiveCfg = Release|Any CPU
		{956490A9-7C34-408B-B040-A1D2DD626FCA}.Release|x64.Build.0 = Release|Any CPU
		{956490A9-7C34-408B-B040-A1D2DD626FCA}.Release|x86.ActiveCfg = Release|Any CPU
		{956490A9-7C34-408B-B040-A1D2DD626FCA}.Release|x86.Build.0 = Release|Any CPU
		{7113B237-6EB3-4207-9FDE-56C5EEE6825C}.Debug|Any CPU.ActiveCfg = Debug|Any CPU
		{7113B237-6EB3-4207-9FDE-56C5EEE6825C}.Debug|Any CPU.Build.0 = Debug|Any CPU
		{7113B237-6EB3-4207-9FDE-56C5EEE6825C}.Debug|x64.ActiveCfg = Debug|Any CPU
		{7113B237-6EB3-4207-9FDE-56C5EEE6825C}.Debug|x64.Build.0 = Debug|Any CPU
		{7113B237-6EB3-4207-9FDE-56C5EEE6825C}.Debug|x86.ActiveCfg = Debug|Any CPU
		{7113B237-6EB3-4207-9FDE-56C5EEE6825C}.Debug|x86.Build.0 = Debug|Any CPU
		{7113B237-6EB3-4207-9FDE-56C5EEE6825C}.Release|Any CPU.ActiveCfg = Release|Any CPU
		{7113B237-6EB3-4207-9FDE-56C5EEE6825C}.Release|Any CPU.Build.0 = Release|Any CPU
		{7113B237-6EB3-4207-9FDE-56C5EEE6825C}.Release|x64.ActiveCfg = Release|Any CPU
		{7113B237-6EB3-4207-9FDE-56C5EEE6825C}.Release|x64.Build.0 = Release|Any CPU
		{7113B237-6EB3-4207-9FDE-56C5EEE6825C}.Release|x86.ActiveCfg = Release|Any CPU
		{7113B237-6EB3-4207-9FDE-56C5EEE6825C}.Release|x86.Build.0 = Release|Any CPU
		{55F83E29-9247-44A5-BDAC-DDAE28A9F088}.Debug|Any CPU.ActiveCfg = Debug|Any CPU
		{55F83E29-9247-44A5-BDAC-DDAE28A9F088}.Debug|Any CPU.Build.0 = Debug|Any CPU
		{55F83E29-9247-44A5-BDAC-DDAE28A9F088}.Debug|x64.ActiveCfg = Debug|Any CPU
		{55F83E29-9247-44A5-BDAC-DDAE28A9F088}.Debug|x64.Build.0 = Debug|Any CPU
		{55F83E29-9247-44A5-BDAC-DDAE28A9F088}.Debug|x86.ActiveCfg = Debug|Any CPU
		{55F83E29-9247-44A5-BDAC-DDAE28A9F088}.Debug|x86.Build.0 = Debug|Any CPU
		{55F83E29-9247-44A5-BDAC-DDAE28A9F088}.Release|Any CPU.ActiveCfg = Release|Any CPU
		{55F83E29-9247-44A5-BDAC-DDAE28A9F088}.Release|Any CPU.Build.0 = Release|Any CPU
		{55F83E29-9247-44A5-BDAC-DDAE28A9F088}.Release|x64.ActiveCfg = Release|Any CPU
		{55F83E29-9247-44A5-BDAC-DDAE28A9F088}.Release|x64.Build.0 = Release|Any CPU
		{55F83E29-9247-44A5-BDAC-DDAE28A9F088}.Release|x86.ActiveCfg = Release|Any CPU
		{55F83E29-9247-44A5-BDAC-DDAE28A9F088}.Release|x86.Build.0 = Release|Any CPU
		{0E99421D-9923-4B80-BD0B-B7FE76C62493}.Debug|Any CPU.ActiveCfg = Debug|Any CPU
		{0E99421D-9923-4B80-BD0B-B7FE76C62493}.Debug|Any CPU.Build.0 = Debug|Any CPU
		{0E99421D-9923-4B80-BD0B-B7FE76C62493}.Debug|x64.ActiveCfg = Debug|Any CPU
		{0E99421D-9923-4B80-BD0B-B7FE76C62493}.Debug|x64.Build.0 = Debug|Any CPU
		{0E99421D-9923-4B80-BD0B-B7FE76C62493}.Debug|x86.ActiveCfg = Debug|Any CPU
		{0E99421D-9923-4B80-BD0B-B7FE76C62493}.Debug|x86.Build.0 = Debug|Any CPU
		{0E99421D-9923-4B80-BD0B-B7FE76C62493}.Release|Any CPU.ActiveCfg = Release|Any CPU
		{0E99421D-9923-4B80-BD0B-B7FE76C62493}.Release|Any CPU.Build.0 = Release|Any CPU
		{0E99421D-9923-4B80-BD0B-B7FE76C62493}.Release|x64.ActiveCfg = Release|Any CPU
		{0E99421D-9923-4B80-BD0B-B7FE76C62493}.Release|x64.Build.0 = Release|Any CPU
		{0E99421D-9923-4B80-BD0B-B7FE76C62493}.Release|x86.ActiveCfg = Release|Any CPU
		{0E99421D-9923-4B80-BD0B-B7FE76C62493}.Release|x86.Build.0 = Release|Any CPU
		{675C222D-F24B-4FB1-8728-C3F94E3239B1}.Debug|Any CPU.ActiveCfg = Debug|Any CPU
		{675C222D-F24B-4FB1-8728-C3F94E3239B1}.Debug|Any CPU.Build.0 = Debug|Any CPU
		{675C222D-F24B-4FB1-8728-C3F94E3239B1}.Debug|x64.ActiveCfg = Debug|Any CPU
		{675C222D-F24B-4FB1-8728-C3F94E3239B1}.Debug|x64.Build.0 = Debug|Any CPU
		{675C222D-F24B-4FB1-8728-C3F94E3239B1}.Debug|x86.ActiveCfg = Debug|Any CPU
		{675C222D-F24B-4FB1-8728-C3F94E3239B1}.Debug|x86.Build.0 = Debug|Any CPU
		{675C222D-F24B-4FB1-8728-C3F94E3239B1}.Release|Any CPU.ActiveCfg = Release|Any CPU
		{675C222D-F24B-4FB1-8728-C3F94E3239B1}.Release|Any CPU.Build.0 = Release|Any CPU
		{675C222D-F24B-4FB1-8728-C3F94E3239B1}.Release|x64.ActiveCfg = Release|Any CPU
		{675C222D-F24B-4FB1-8728-C3F94E3239B1}.Release|x64.Build.0 = Release|Any CPU
		{675C222D-F24B-4FB1-8728-C3F94E3239B1}.Release|x86.ActiveCfg = Release|Any CPU
		{675C222D-F24B-4FB1-8728-C3F94E3239B1}.Release|x86.Build.0 = Release|Any CPU
		{C7C38953-358E-4274-984C-98717D6D99F6}.Debug|Any CPU.ActiveCfg = Debug|Any CPU
		{C7C38953-358E-4274-984C-98717D6D99F6}.Debug|Any CPU.Build.0 = Debug|Any CPU
		{C7C38953-358E-4274-984C-98717D6D99F6}.Debug|x64.ActiveCfg = Debug|Any CPU
		{C7C38953-358E-4274-984C-98717D6D99F6}.Debug|x64.Build.0 = Debug|Any CPU
		{C7C38953-358E-4274-984C-98717D6D99F6}.Debug|x86.ActiveCfg = Debug|Any CPU
		{C7C38953-358E-4274-984C-98717D6D99F6}.Debug|x86.Build.0 = Debug|Any CPU
		{C7C38953-358E-4274-984C-98717D6D99F6}.Release|Any CPU.ActiveCfg = Release|Any CPU
		{C7C38953-358E-4274-984C-98717D6D99F6}.Release|Any CPU.Build.0 = Release|Any CPU
		{C7C38953-358E-4274-984C-98717D6D99F6}.Release|x64.ActiveCfg = Release|Any CPU
		{C7C38953-358E-4274-984C-98717D6D99F6}.Release|x64.Build.0 = Release|Any CPU
		{C7C38953-358E-4274-984C-98717D6D99F6}.Release|x86.ActiveCfg = Release|Any CPU
		{C7C38953-358E-4274-984C-98717D6D99F6}.Release|x86.Build.0 = Release|Any CPU
		{06CC48C1-84C1-4A3B-A373-3B668926955D}.Debug|Any CPU.ActiveCfg = Debug|Any CPU
		{06CC48C1-84C1-4A3B-A373-3B668926955D}.Debug|Any CPU.Build.0 = Debug|Any CPU
		{06CC48C1-84C1-4A3B-A373-3B668926955D}.Debug|x64.ActiveCfg = Debug|Any CPU
		{06CC48C1-84C1-4A3B-A373-3B668926955D}.Debug|x64.Build.0 = Debug|Any CPU
		{06CC48C1-84C1-4A3B-A373-3B668926955D}.Debug|x86.ActiveCfg = Debug|Any CPU
		{06CC48C1-84C1-4A3B-A373-3B668926955D}.Debug|x86.Build.0 = Debug|Any CPU
		{06CC48C1-84C1-4A3B-A373-3B668926955D}.Release|Any CPU.ActiveCfg = Release|Any CPU
		{06CC48C1-84C1-4A3B-A373-3B668926955D}.Release|Any CPU.Build.0 = Release|Any CPU
		{06CC48C1-84C1-4A3B-A373-3B668926955D}.Release|x64.ActiveCfg = Release|Any CPU
		{06CC48C1-84C1-4A3B-A373-3B668926955D}.Release|x64.Build.0 = Release|Any CPU
		{06CC48C1-84C1-4A3B-A373-3B668926955D}.Release|x86.ActiveCfg = Release|Any CPU
		{06CC48C1-84C1-4A3B-A373-3B668926955D}.Release|x86.Build.0 = Release|Any CPU
		{9B5C9865-09F4-4158-AB9A-FC9CFA2A16FA}.Debug|Any CPU.ActiveCfg = Debug|Any CPU
		{9B5C9865-09F4-4158-AB9A-FC9CFA2A16FA}.Debug|Any CPU.Build.0 = Debug|Any CPU
		{9B5C9865-09F4-4158-AB9A-FC9CFA2A16FA}.Debug|x64.ActiveCfg = Debug|Any CPU
		{9B5C9865-09F4-4158-AB9A-FC9CFA2A16FA}.Debug|x64.Build.0 = Debug|Any CPU
		{9B5C9865-09F4-4158-AB9A-FC9CFA2A16FA}.Debug|x86.ActiveCfg = Debug|Any CPU
		{9B5C9865-09F4-4158-AB9A-FC9CFA2A16FA}.Debug|x86.Build.0 = Debug|Any CPU
		{9B5C9865-09F4-4158-AB9A-FC9CFA2A16FA}.Release|Any CPU.ActiveCfg = Release|Any CPU
		{9B5C9865-09F4-4158-AB9A-FC9CFA2A16FA}.Release|Any CPU.Build.0 = Release|Any CPU
		{9B5C9865-09F4-4158-AB9A-FC9CFA2A16FA}.Release|x64.ActiveCfg = Release|Any CPU
		{9B5C9865-09F4-4158-AB9A-FC9CFA2A16FA}.Release|x64.Build.0 = Release|Any CPU
		{9B5C9865-09F4-4158-AB9A-FC9CFA2A16FA}.Release|x86.ActiveCfg = Release|Any CPU
		{9B5C9865-09F4-4158-AB9A-FC9CFA2A16FA}.Release|x86.Build.0 = Release|Any CPU
		{1DE74AF7-8C6D-4E4E-990B-FE457352FB83}.Debug|Any CPU.ActiveCfg = Debug|Any CPU
		{1DE74AF7-8C6D-4E4E-990B-FE457352FB83}.Debug|Any CPU.Build.0 = Debug|Any CPU
		{1DE74AF7-8C6D-4E4E-990B-FE457352FB83}.Debug|x64.ActiveCfg = Debug|Any CPU
		{1DE74AF7-8C6D-4E4E-990B-FE457352FB83}.Debug|x64.Build.0 = Debug|Any CPU
		{1DE74AF7-8C6D-4E4E-990B-FE457352FB83}.Debug|x86.ActiveCfg = Debug|Any CPU
		{1DE74AF7-8C6D-4E4E-990B-FE457352FB83}.Debug|x86.Build.0 = Debug|Any CPU
		{1DE74AF7-8C6D-4E4E-990B-FE457352FB83}.Release|Any CPU.ActiveCfg = Release|Any CPU
		{1DE74AF7-8C6D-4E4E-990B-FE457352FB83}.Release|Any CPU.Build.0 = Release|Any CPU
		{1DE74AF7-8C6D-4E4E-990B-FE457352FB83}.Release|x64.ActiveCfg = Release|Any CPU
		{1DE74AF7-8C6D-4E4E-990B-FE457352FB83}.Release|x64.Build.0 = Release|Any CPU
		{1DE74AF7-8C6D-4E4E-990B-FE457352FB83}.Release|x86.ActiveCfg = Release|Any CPU
		{1DE74AF7-8C6D-4E4E-990B-FE457352FB83}.Release|x86.Build.0 = Release|Any CPU
		{F569A403-7A7C-4F52-AA49-AA0248F0E792}.Debug|Any CPU.ActiveCfg = Debug|Any CPU
		{F569A403-7A7C-4F52-AA49-AA0248F0E792}.Debug|Any CPU.Build.0 = Debug|Any CPU
		{F569A403-7A7C-4F52-AA49-AA0248F0E792}.Debug|x64.ActiveCfg = Debug|Any CPU
		{F569A403-7A7C-4F52-AA49-AA0248F0E792}.Debug|x64.Build.0 = Debug|Any CPU
		{F569A403-7A7C-4F52-AA49-AA0248F0E792}.Debug|x86.ActiveCfg = Debug|Any CPU
		{F569A403-7A7C-4F52-AA49-AA0248F0E792}.Debug|x86.Build.0 = Debug|Any CPU
		{F569A403-7A7C-4F52-AA49-AA0248F0E792}.Release|Any CPU.ActiveCfg = Release|Any CPU
		{F569A403-7A7C-4F52-AA49-AA0248F0E792}.Release|Any CPU.Build.0 = Release|Any CPU
		{F569A403-7A7C-4F52-AA49-AA0248F0E792}.Release|x64.ActiveCfg = Release|Any CPU
		{F569A403-7A7C-4F52-AA49-AA0248F0E792}.Release|x64.Build.0 = Release|Any CPU
		{F569A403-7A7C-4F52-AA49-AA0248F0E792}.Release|x86.ActiveCfg = Release|Any CPU
		{F569A403-7A7C-4F52-AA49-AA0248F0E792}.Release|x86.Build.0 = Release|Any CPU
		{AC4443A0-A646-4601-9641-D852F287A000}.Debug|Any CPU.ActiveCfg = Debug|Any CPU
		{AC4443A0-A646-4601-9641-D852F287A000}.Debug|Any CPU.Build.0 = Debug|Any CPU
		{AC4443A0-A646-4601-9641-D852F287A000}.Debug|x64.ActiveCfg = Debug|Any CPU
		{AC4443A0-A646-4601-9641-D852F287A000}.Debug|x64.Build.0 = Debug|Any CPU
		{AC4443A0-A646-4601-9641-D852F287A000}.Debug|x86.ActiveCfg = Debug|Any CPU
		{AC4443A0-A646-4601-9641-D852F287A000}.Debug|x86.Build.0 = Debug|Any CPU
		{AC4443A0-A646-4601-9641-D852F287A000}.Release|Any CPU.ActiveCfg = Release|Any CPU
		{AC4443A0-A646-4601-9641-D852F287A000}.Release|Any CPU.Build.0 = Release|Any CPU
		{AC4443A0-A646-4601-9641-D852F287A000}.Release|x64.ActiveCfg = Release|Any CPU
		{AC4443A0-A646-4601-9641-D852F287A000}.Release|x64.Build.0 = Release|Any CPU
		{AC4443A0-A646-4601-9641-D852F287A000}.Release|x86.ActiveCfg = Release|Any CPU
		{AC4443A0-A646-4601-9641-D852F287A000}.Release|x86.Build.0 = Release|Any CPU
		{92887F7B-FDE5-4578-B07A-2FB5F9EC2EF7}.Debug|Any CPU.ActiveCfg = Debug|Any CPU
		{92887F7B-FDE5-4578-B07A-2FB5F9EC2EF7}.Debug|Any CPU.Build.0 = Debug|Any CPU
		{92887F7B-FDE5-4578-B07A-2FB5F9EC2EF7}.Debug|x64.ActiveCfg = Debug|Any CPU
		{92887F7B-FDE5-4578-B07A-2FB5F9EC2EF7}.Debug|x64.Build.0 = Debug|Any CPU
		{92887F7B-FDE5-4578-B07A-2FB5F9EC2EF7}.Debug|x86.ActiveCfg = Debug|Any CPU
		{92887F7B-FDE5-4578-B07A-2FB5F9EC2EF7}.Debug|x86.Build.0 = Debug|Any CPU
		{92887F7B-FDE5-4578-B07A-2FB5F9EC2EF7}.Release|Any CPU.ActiveCfg = Release|Any CPU
		{92887F7B-FDE5-4578-B07A-2FB5F9EC2EF7}.Release|Any CPU.Build.0 = Release|Any CPU
		{92887F7B-FDE5-4578-B07A-2FB5F9EC2EF7}.Release|x64.ActiveCfg = Release|Any CPU
		{92887F7B-FDE5-4578-B07A-2FB5F9EC2EF7}.Release|x64.Build.0 = Release|Any CPU
		{92887F7B-FDE5-4578-B07A-2FB5F9EC2EF7}.Release|x86.ActiveCfg = Release|Any CPU
		{92887F7B-FDE5-4578-B07A-2FB5F9EC2EF7}.Release|x86.Build.0 = Release|Any CPU
		{2B20EAF0-DC1F-4CE8-8B53-F9F621842F18}.Debug|Any CPU.ActiveCfg = Debug|Any CPU
		{2B20EAF0-DC1F-4CE8-8B53-F9F621842F18}.Debug|Any CPU.Build.0 = Debug|Any CPU
		{2B20EAF0-DC1F-4CE8-8B53-F9F621842F18}.Debug|x64.ActiveCfg = Debug|Any CPU
		{2B20EAF0-DC1F-4CE8-8B53-F9F621842F18}.Debug|x64.Build.0 = Debug|Any CPU
		{2B20EAF0-DC1F-4CE8-8B53-F9F621842F18}.Debug|x86.ActiveCfg = Debug|Any CPU
		{2B20EAF0-DC1F-4CE8-8B53-F9F621842F18}.Debug|x86.Build.0 = Debug|Any CPU
		{2B20EAF0-DC1F-4CE8-8B53-F9F621842F18}.Release|Any CPU.ActiveCfg = Release|Any CPU
		{2B20EAF0-DC1F-4CE8-8B53-F9F621842F18}.Release|Any CPU.Build.0 = Release|Any CPU
		{2B20EAF0-DC1F-4CE8-8B53-F9F621842F18}.Release|x64.ActiveCfg = Release|Any CPU
		{2B20EAF0-DC1F-4CE8-8B53-F9F621842F18}.Release|x64.Build.0 = Release|Any CPU
		{2B20EAF0-DC1F-4CE8-8B53-F9F621842F18}.Release|x86.ActiveCfg = Release|Any CPU
		{2B20EAF0-DC1F-4CE8-8B53-F9F621842F18}.Release|x86.Build.0 = Release|Any CPU
	EndGlobalSection
	GlobalSection(SolutionProperties) = preSolution
		HideSolutionNode = FALSE
	EndGlobalSection
	GlobalSection(NestedProjects) = preSolution
		{DBCC897A-C3ED-4FD6-95BF-B0031F8DAC90} = {827E0CD3-B72D-47B6-A68D-7590B98EB39B}
		{4BC3635E-5DEE-448E-8C0E-2AC5B7078963} = {827E0CD3-B72D-47B6-A68D-7590B98EB39B}
		{144CCCE6-8571-4F8E-8548-EAA075D5CA8A} = {827E0CD3-B72D-47B6-A68D-7590B98EB39B}
		{07E36ED5-8F23-436B-9479-D7F77B5234D5} = {827E0CD3-B72D-47B6-A68D-7590B98EB39B}
		{956490A9-7C34-408B-B040-A1D2DD626FCA} = {827E0CD3-B72D-47B6-A68D-7590B98EB39B}
		{7113B237-6EB3-4207-9FDE-56C5EEE6825C} = {827E0CD3-B72D-47B6-A68D-7590B98EB39B}
		{55F83E29-9247-44A5-BDAC-DDAE28A9F088} = {827E0CD3-B72D-47B6-A68D-7590B98EB39B}
		{0E99421D-9923-4B80-BD0B-B7FE76C62493} = {827E0CD3-B72D-47B6-A68D-7590B98EB39B}
		{675C222D-F24B-4FB1-8728-C3F94E3239B1} = {827E0CD3-B72D-47B6-A68D-7590B98EB39B}
		{C7C38953-358E-4274-984C-98717D6D99F6} = {827E0CD3-B72D-47B6-A68D-7590B98EB39B}
		{06CC48C1-84C1-4A3B-A373-3B668926955D} = {827E0CD3-B72D-47B6-A68D-7590B98EB39B}
		{9B5C9865-09F4-4158-AB9A-FC9CFA2A16FA} = {827E0CD3-B72D-47B6-A68D-7590B98EB39B}
		{1DE74AF7-8C6D-4E4E-990B-FE457352FB83} = {0AB3BF05-4346-4AA6-1389-037BE0695223}
		{F569A403-7A7C-4F52-AA49-AA0248F0E792} = {0AB3BF05-4346-4AA6-1389-037BE0695223}
		{AC4443A0-A646-4601-9641-D852F287A000} = {0AB3BF05-4346-4AA6-1389-037BE0695223}
		{92887F7B-FDE5-4578-B07A-2FB5F9EC2EF7} = {0AB3BF05-4346-4AA6-1389-037BE0695223}
		{2B20EAF0-DC1F-4CE8-8B53-F9F621842F18} = {5D20AA90-6969-D8BD-9DCD-8634F4692FDA}
	EndGlobalSection
EndGlobal
